
Microsoft Visual Studio Solution File, Format Version 12.00
# Visual Studio Version 17
VisualStudioVersion = 17.9.34622.214
MinimumVisualStudioVersion = 10.0.40219.1
Project("{9A19103F-16F7-4668-BE54-9A1E7A4F7556}") = "APIServer", "APIServer.csproj", "{A9BF486E-728C-468F-B6EE-BD117875F314}"
EndProject
Project("{FAE04EC0-301F-11D3-BF4B-00C04F79EFBC}") = "ClassLibraryAPI", "..\ClassLibraryAPI\ClassLibraryAPI.csproj", "{F7FCECDC-89D1-447A-BBA3-0EA448375217}"
EndProject
Global
	GlobalSection(SolutionConfigurationPlatforms) = preSolution
		Debug|Any CPU = Debug|Any CPU
		Release|Any CPU = Release|Any CPU
	EndGlobalSection
	GlobalSection(ProjectConfigurationPlatforms) = postSolution
		{A9BF486E-728C-468F-B6EE-BD117875F314}.Debug|Any CPU.ActiveCfg = Debug|Any CPU
		{A9BF486E-728C-468F-B6EE-BD117875F314}.Debug|Any CPU.Build.0 = Debug|Any CPU
		{A9BF486E-728C-468F-B6EE-BD117875F314}.Release|Any CPU.ActiveCfg = Release|Any CPU
		{A9BF486E-728C-468F-B6EE-BD117875F314}.Release|Any CPU.Build.0 = Release|Any CPU
		{F7FCECDC-89D1-447A-BBA3-0EA448375217}.Debug|Any CPU.ActiveCfg = Debug|Any CPU
		{F7FCECDC-89D1-447A-BBA3-0EA448375217}.Debug|Any CPU.Build.0 = Debug|Any CPU
		{F7FCECDC-89D1-447A-BBA3-0EA448375217}.Release|Any CPU.ActiveCfg = Release|Any CPU
		{F7FCECDC-89D1-447A-BBA3-0EA448375217}.Release|Any CPU.Build.0 = Release|Any CPU
	EndGlobalSection
	GlobalSection(SolutionProperties) = preSolution
		HideSolutionNode = FALSE
	EndGlobalSection
	GlobalSection(ExtensibilityGlobals) = postSolution
		SolutionGuid = {2F913F85-57B7-494B-AB0A-B148601B1F40}
	EndGlobalSection
EndGlobal
